
Microsoft Visual Studio Solution File, Format Version 12.00
# Visual Studio Version 16
VisualStudioVersion = 16.0.32228.343
MinimumVisualStudioVersion = 10.0.40219.1
Project("{FAE04EC0-301F-11D3-BF4B-00C04F79EFBC}") = "HelloWorld", "HelloWorld.csproj", "{A3EF9BB4-DA26-43D0-9F0C-7E0231B51006}"
EndProject
Project("{FAE04EC0-301F-11D3-BF4B-00C04F79EFBC}") = "stringInterpolation", "..\stringInterpolation\stringInterpolation.csproj", "{4B897E9B-FEED-4F56-9701-7FE66965FA56}"
EndProject
Global
	GlobalSection(SolutionConfigurationPlatforms) = preSolution
		Debug|Any CPU = Debug|Any CPU
		Release|Any CPU = Release|Any CPU
	EndGlobalSection
	GlobalSection(ProjectConfigurationPlatforms) = postSolution
		{A3EF9BB4-DA26-43D0-9F0C-7E0231B51006}.Debug|Any CPU.ActiveCfg = Debug|Any CPU
		{A3EF9BB4-DA26-43D0-9F0C-7E0231B51006}.Debug|Any CPU.Build.0 = Debug|Any CPU
		{A3EF9BB4-DA26-43D0-9F0C-7E0231B51006}.Release|Any CPU.ActiveCfg = Release|Any CPU
		{A3EF9BB4-DA26-43D0-9F0C-7E0231B51006}.Release|Any CPU.Build.0 = Release|Any CPU
		{4B897E9B-FEED-4F56-9701-7FE66965FA56}.Debug|Any CPU.ActiveCfg = Debug|Any CPU
		{4B897E9B-FEED-4F56-9701-7FE66965FA56}.Debug|Any CPU.Build.0 = Debug|Any CPU
		{4B897E9B-FEED-4F56-9701-7FE66965FA56}.Release|Any CPU.ActiveCfg = Release|Any CPU
		{4B897E9B-FEED-4F56-9701-7FE66965FA56}.Release|Any CPU.Build.0 = Release|Any CPU
	EndGlobalSection
	GlobalSection(SolutionProperties) = preSolution
		HideSolutionNode = FALSE
	EndGlobalSection
	GlobalSection(ExtensibilityGlobals) = postSolution
		SolutionGuid = {89136715-C6BB-4A1D-893A-C526086DDF6F}
	EndGlobalSection
EndGlobal
